
Microsoft Visual Studio Solution File, Format Version 12.00
# Visual Studio Version 17
VisualStudioVersion = 17.5.33209.295
MinimumVisualStudioVersion = 10.0.40219.1
Project("{9A19103F-16F7-4668-BE54-9A1E7A4F7556}") = "Cyrus.Strings", "Cyrus.Strings\Cyrus.Strings.csproj", "{2D6F67BB-88C2-4A21-819B-2E8574DD0C2C}"
EndProject
Project("{9A19103F-16F7-4668-BE54-9A1E7A4F7556}") = "Cyrus.Results", "Cyrus.Result\Cyrus.Results.csproj", "{F6BF4AB8-2423-409F-AA6A-C95DF46FE8D9}"
EndProject
Project("{9A19103F-16F7-4668-BE54-9A1E7A4F7556}") = "Cyrus.Logging", "Cyrus.Logging\Cyrus.Logging.csproj", "{EF6FF56C-C881-4D4D-8C5A-2F9163484627}"
EndProject
Project("{9A19103F-16F7-4668-BE54-9A1E7A4F7556}") = "Cyrus.EntityFrameworkCore.SqlServer", "Cyrus.EntityFrameworkCore.SqlServer\Cyrus.EntityFrameworkCore.SqlServer.csproj", "{64B4FB0E-14B9-415F-8A57-5B406E9C79AE}"
EndProject
Project("{9A19103F-16F7-4668-BE54-9A1E7A4F7556}") = "Cyrus.DDD", "Cyrus.DDD\Cyrus.DDD.csproj", "{F80FB570-71F8-4966-A04D-7B7F33128496}"
EndProject
Project("{9A19103F-16F7-4668-BE54-9A1E7A4F7556}") = "Cyrus.DateTime", "Cyrus.DateTime\Cyrus.DateTime.csproj", "{A2D9AC71-331D-4743-A1D5-68815C1B1BA9}"
EndProject
Project("{9A19103F-16F7-4668-BE54-9A1E7A4F7556}") = "Cyrus.CQRS", "Cyrus.CQRS\Cyrus.CQRS.csproj", "{E375376A-F611-4CC7-A14D-1C906EBCEE5A}"
EndProject
Global
	GlobalSection(SolutionConfigurationPlatforms) = preSolution
		Debug|Any CPU = Debug|Any CPU
		Release|Any CPU = Release|Any CPU
	EndGlobalSection
	GlobalSection(ProjectConfigurationPlatforms) = postSolution
		{2D6F67BB-88C2-4A21-819B-2E8574DD0C2C}.Debug|Any CPU.ActiveCfg = Debug|Any CPU
		{2D6F67BB-88C2-4A21-819B-2E8574DD0C2C}.Debug|Any CPU.Build.0 = Debug|Any CPU
		{2D6F67BB-88C2-4A21-819B-2E8574DD0C2C}.Release|Any CPU.ActiveCfg = Release|Any CPU
		{2D6F67BB-88C2-4A21-819B-2E8574DD0C2C}.Release|Any CPU.Build.0 = Release|Any CPU
		{F6BF4AB8-2423-409F-AA6A-C95DF46FE8D9}.Debug|Any CPU.ActiveCfg = Debug|Any CPU
		{F6BF4AB8-2423-409F-AA6A-C95DF46FE8D9}.Debug|Any CPU.Build.0 = Debug|Any CPU
		{F6BF4AB8-2423-409F-AA6A-C95DF46FE8D9}.Release|Any CPU.ActiveCfg = Release|Any CPU
		{F6BF4AB8-2423-409F-AA6A-C95DF46FE8D9}.Release|Any CPU.Build.0 = Release|Any CPU
		{EF6FF56C-C881-4D4D-8C5A-2F9163484627}.Debug|Any CPU.ActiveCfg = Debug|Any CPU
		{EF6FF56C-C881-4D4D-8C5A-2F9163484627}.Debug|Any CPU.Build.0 = Debug|Any CPU
		{EF6FF56C-C881-4D4D-8C5A-2F9163484627}.Release|Any CPU.ActiveCfg = Release|Any CPU
		{EF6FF56C-C881-4D4D-8C5A-2F9163484627}.Release|Any CPU.Build.0 = Release|Any CPU
		{64B4FB0E-14B9-415F-8A57-5B406E9C79AE}.Debug|Any CPU.ActiveCfg = Debug|Any CPU
		{64B4FB0E-14B9-415F-8A57-5B406E9C79AE}.Debug|Any CPU.Build.0 = Debug|Any CPU
		{64B4FB0E-14B9-415F-8A57-5B406E9C79AE}.Release|Any CPU.ActiveCfg = Release|Any CPU
		{64B4FB0E-14B9-415F-8A57-5B406E9C79AE}.Release|Any CPU.Build.0 = Release|Any CPU
		{F80FB570-71F8-4966-A04D-7B7F33128496}.Debug|Any CPU.ActiveCfg = Debug|Any CPU
		{F80FB570-71F8-4966-A04D-7B7F33128496}.Debug|Any CPU.Build.0 = Debug|Any CPU
		{F80FB570-71F8-4966-A04D-7B7F33128496}.Release|Any CPU.ActiveCfg = Release|Any CPU
		{F80FB570-71F8-4966-A04D-7B7F33128496}.Release|Any CPU.Build.0 = Release|Any CPU
		{A2D9AC71-331D-4743-A1D5-68815C1B1BA9}.Debug|Any CPU.ActiveCfg = Debug|Any CPU
		{A2D9AC71-331D-4743-A1D5-68815C1B1BA9}.Debug|Any CPU.Build.0 = Debug|Any CPU
		{A2D9AC71-331D-4743-A1D5-68815C1B1BA9}.Release|Any CPU.ActiveCfg = Release|Any CPU
		{A2D9AC71-331D-4743-A1D5-68815C1B1BA9}.Release|Any CPU.Build.0 = Release|Any CPU
		{E375376A-F611-4CC7-A14D-1C906EBCEE5A}.Debug|Any CPU.ActiveCfg = Debug|Any CPU
		{E375376A-F611-4CC7-A14D-1C906EBCEE5A}.Debug|Any CPU.Build.0 = Debug|Any CPU
		{E375376A-F611-4CC7-A14D-1C906EBCEE5A}.Release|Any CPU.ActiveCfg = Release|Any CPU
		{E375376A-F611-4CC7-A14D-1C906EBCEE5A}.Release|Any CPU.Build.0 = Release|Any CPU
	EndGlobalSection
	GlobalSection(SolutionProperties) = preSolution
		HideSolutionNode = FALSE
	EndGlobalSection
	GlobalSection(ExtensibilityGlobals) = postSolution
		SolutionGuid = {B6E71F96-CE85-409E-93E1-8787BC47C095}
	EndGlobalSection
EndGlobal
